
Microsoft Visual Studio Solution File, Format Version 12.00
Project("{FAE04EC0-301F-11D3-BF4B-00C04F79EFBC}") = "Area51", "Area51\Area51.csproj", "{A20D9983-3399-46FB-8594-D5880284FDE1}"
EndProject
Global
	GlobalSection(SolutionConfigurationPlatforms) = preSolution
		Debug|Any CPU = Debug|Any CPU
		Release|Any CPU = Release|Any CPU
	EndGlobalSection
	GlobalSection(ProjectConfigurationPlatforms) = postSolution
		{A20D9983-3399-46FB-8594-D5880284FDE1}.Debug|Any CPU.ActiveCfg = Debug|Any CPU
		{A20D9983-3399-46FB-8594-D5880284FDE1}.Debug|Any CPU.Build.0 = Debug|Any CPU
		{A20D9983-3399-46FB-8594-D5880284FDE1}.Release|Any CPU.ActiveCfg = Release|Any CPU
		{A20D9983-3399-46FB-8594-D5880284FDE1}.Release|Any CPU.Build.0 = Release|Any CPU
	EndGlobalSection
EndGlobal
